
Microsoft Visual Studio Solution File, Format Version 12.00
# Visual Studio 15
VisualStudioVersion = 15.0.27004.2002
MinimumVisualStudioVersion = 10.0.40219.1
Project("{FAE04EC0-301F-11D3-BF4B-00C04F79EFBC}") = "Main", "BusScheduleSystem_PSP2\Main.csproj", "{C657357B-12B1-4642-82B7-79800F9F668B}"
EndProject
Project("{2150E333-8FDC-42A3-9474-1A3956D46DE8}") = "ScheduleManagement", "ScheduleManagement", "{365DAAD8-F560-426A-A9E8-67C9418F6C35}"
EndProject
Project("{2150E333-8FDC-42A3-9474-1A3956D46DE8}") = "VehicleRepair", "VehicleRepair", "{CAABACC4-88A1-42DA-B5F0-07858FB1B4C2}"
EndProject
Project("{FAE04EC0-301F-11D3-BF4B-00C04F79EFBC}") = "Controllers", "Controllers\Controllers.csproj", "{C1B7B7B6-F75E-4FC7-A076-ABBE75881F1A}"
EndProject
Project("{FAE04EC0-301F-11D3-BF4B-00C04F79EFBC}") = "Repositors", "Repositors\Repositors.csproj", "{69EE5DDA-60DC-43CD-A97B-5F7D65C0CF0B}"
EndProject
Project("{FAE04EC0-301F-11D3-BF4B-00C04F79EFBC}") = "Integrators", "BusScheduleSystemIntegrators\Integrators.csproj", "{AF7D7304-3547-4A99-9592-E28959F642B2}"
EndProject
Project("{2150E333-8FDC-42A3-9474-1A3956D46DE8}") = "Abstract", "Abstract", "{77213EA1-5782-45C1-879B-85AA57CDE612}"
EndProject
Project("{2150E333-8FDC-42A3-9474-1A3956D46DE8}") = "PublicTransport", "PublicTransport", "{2A919DC0-B6E6-4065-91EA-811A3739F02B}"
EndProject
Project("{2150E333-8FDC-42A3-9474-1A3956D46DE8}") = "Intercity", "Intercity", "{03ED63B7-89FC-4D7B-A6B2-822B959DA53A}"
EndProject
Project("{2150E333-8FDC-42A3-9474-1A3956D46DE8}") = "Abstract", "Abstract", "{590F3367-6336-43EE-B337-C7504AEDB8C7}"
EndProject
Project("{2150E333-8FDC-42A3-9474-1A3956D46DE8}") = "PublicTransport", "PublicTransport", "{7D1B7EDC-E5FD-4174-A6FF-56B63676CB42}"
EndProject
Project("{2150E333-8FDC-42A3-9474-1A3956D46DE8}") = "InterCity", "InterCity", "{C8D694C0-686C-486D-8B6B-3A1F675FD8B9}"
EndProject
Project("{FAE04EC0-301F-11D3-BF4B-00C04F79EFBC}") = "AbstractSchedule", "AbstractSchedule\AbstractSchedule.csproj", "{9B9676D8-CE25-401D-9DB1-BE9E0CC0ADC3}"
EndProject
Project("{FAE04EC0-301F-11D3-BF4B-00C04F79EFBC}") = "IntercitySchedule", "IntercitySchedule\IntercitySchedule.csproj", "{C2C39E14-515F-4F0F-A623-FBE19A873B07}"
EndProject
Project("{FAE04EC0-301F-11D3-BF4B-00C04F79EFBC}") = "PublicTransportSchedule", "PublicTransportSchedule\PublicTransportSchedule.csproj", "{B6D7457E-33F5-48D6-B7A2-9499B582E70D}"
EndProject
Project("{FAE04EC0-301F-11D3-BF4B-00C04F79EFBC}") = "AbstractVehicleRepair", "AbstractVehicleRepair\AbstractVehicleRepair.csproj", "{DC3B17B4-E6C4-4BD0-85CB-06ADB73FFB7C}"
EndProject
Project("{FAE04EC0-301F-11D3-BF4B-00C04F79EFBC}") = "InterCityVehicleRepair", "InterCityVehicleRepair\InterCityVehicleRepair.csproj", "{12F66EF8-7ECC-4F62-B1EB-F5B064E82362}"
EndProject
Project("{FAE04EC0-301F-11D3-BF4B-00C04F79EFBC}") = "PublicTransportVehicleRepair", "PublicTransportVehicleRepair\PublicTransportVehicleRepair.csproj", "{151FA991-3CF7-4FC2-BCB2-843FF7704A3B}"
EndProject
Global
	GlobalSection(SolutionConfigurationPlatforms) = preSolution
		Debug|Any CPU = Debug|Any CPU
		Release|Any CPU = Release|Any CPU
	EndGlobalSection
	GlobalSection(ProjectConfigurationPlatforms) = postSolution
		{C657357B-12B1-4642-82B7-79800F9F668B}.Debug|Any CPU.ActiveCfg = Debug|Any CPU
		{C657357B-12B1-4642-82B7-79800F9F668B}.Debug|Any CPU.Build.0 = Debug|Any CPU
		{C657357B-12B1-4642-82B7-79800F9F668B}.Release|Any CPU.ActiveCfg = Release|Any CPU
		{C657357B-12B1-4642-82B7-79800F9F668B}.Release|Any CPU.Build.0 = Release|Any CPU
		{C1B7B7B6-F75E-4FC7-A076-ABBE75881F1A}.Debug|Any CPU.ActiveCfg = Debug|Any CPU
		{C1B7B7B6-F75E-4FC7-A076-ABBE75881F1A}.Debug|Any CPU.Build.0 = Debug|Any CPU
		{C1B7B7B6-F75E-4FC7-A076-ABBE75881F1A}.Release|Any CPU.ActiveCfg = Release|Any CPU
		{C1B7B7B6-F75E-4FC7-A076-ABBE75881F1A}.Release|Any CPU.Build.0 = Release|Any CPU
		{69EE5DDA-60DC-43CD-A97B-5F7D65C0CF0B}.Debug|Any CPU.ActiveCfg = Debug|Any CPU
		{69EE5DDA-60DC-43CD-A97B-5F7D65C0CF0B}.Debug|Any CPU.Build.0 = Debug|Any CPU
		{69EE5DDA-60DC-43CD-A97B-5F7D65C0CF0B}.Release|Any CPU.ActiveCfg = Release|Any CPU
		{69EE5DDA-60DC-43CD-A97B-5F7D65C0CF0B}.Release|Any CPU.Build.0 = Release|Any CPU
		{AF7D7304-3547-4A99-9592-E28959F642B2}.Debug|Any CPU.ActiveCfg = Debug|Any CPU
		{AF7D7304-3547-4A99-9592-E28959F642B2}.Debug|Any CPU.Build.0 = Debug|Any CPU
		{AF7D7304-3547-4A99-9592-E28959F642B2}.Release|Any CPU.ActiveCfg = Release|Any CPU
		{AF7D7304-3547-4A99-9592-E28959F642B2}.Release|Any CPU.Build.0 = Release|Any CPU
		{9B9676D8-CE25-401D-9DB1-BE9E0CC0ADC3}.Debug|Any CPU.ActiveCfg = Debug|Any CPU
		{9B9676D8-CE25-401D-9DB1-BE9E0CC0ADC3}.Debug|Any CPU.Build.0 = Debug|Any CPU
		{9B9676D8-CE25-401D-9DB1-BE9E0CC0ADC3}.Release|Any CPU.ActiveCfg = Release|Any CPU
		{9B9676D8-CE25-401D-9DB1-BE9E0CC0ADC3}.Release|Any CPU.Build.0 = Release|Any CPU
		{C2C39E14-515F-4F0F-A623-FBE19A873B07}.Debug|Any CPU.ActiveCfg = Debug|Any CPU
		{C2C39E14-515F-4F0F-A623-FBE19A873B07}.Debug|Any CPU.Build.0 = Debug|Any CPU
		{C2C39E14-515F-4F0F-A623-FBE19A873B07}.Release|Any CPU.ActiveCfg = Release|Any CPU
		{C2C39E14-515F-4F0F-A623-FBE19A873B07}.Release|Any CPU.Build.0 = Release|Any CPU
		{B6D7457E-33F5-48D6-B7A2-9499B582E70D}.Debug|Any CPU.ActiveCfg = Debug|Any CPU
		{B6D7457E-33F5-48D6-B7A2-9499B582E70D}.Debug|Any CPU.Build.0 = Debug|Any CPU
		{B6D7457E-33F5-48D6-B7A2-9499B582E70D}.Release|Any CPU.ActiveCfg = Release|Any CPU
		{B6D7457E-33F5-48D6-B7A2-9499B582E70D}.Release|Any CPU.Build.0 = Release|Any CPU
		{DC3B17B4-E6C4-4BD0-85CB-06ADB73FFB7C}.Debug|Any CPU.ActiveCfg = Debug|Any CPU
		{DC3B17B4-E6C4-4BD0-85CB-06ADB73FFB7C}.Debug|Any CPU.Build.0 = Debug|Any CPU
		{DC3B17B4-E6C4-4BD0-85CB-06ADB73FFB7C}.Release|Any CPU.ActiveCfg = Release|Any CPU
		{DC3B17B4-E6C4-4BD0-85CB-06ADB73FFB7C}.Release|Any CPU.Build.0 = Release|Any CPU
		{12F66EF8-7ECC-4F62-B1EB-F5B064E82362}.Debug|Any CPU.ActiveCfg = Debug|Any CPU
		{12F66EF8-7ECC-4F62-B1EB-F5B064E82362}.Debug|Any CPU.Build.0 = Debug|Any CPU
		{12F66EF8-7ECC-4F62-B1EB-F5B064E82362}.Release|Any CPU.ActiveCfg = Release|Any CPU
		{12F66EF8-7ECC-4F62-B1EB-F5B064E82362}.Release|Any CPU.Build.0 = Release|Any CPU
		{151FA991-3CF7-4FC2-BCB2-843FF7704A3B}.Debug|Any CPU.ActiveCfg = Debug|Any CPU
		{151FA991-3CF7-4FC2-BCB2-843FF7704A3B}.Debug|Any CPU.Build.0 = Debug|Any CPU
		{151FA991-3CF7-4FC2-BCB2-843FF7704A3B}.Release|Any CPU.ActiveCfg = Release|Any CPU
		{151FA991-3CF7-4FC2-BCB2-843FF7704A3B}.Release|Any CPU.Build.0 = Release|Any CPU
	EndGlobalSection
	GlobalSection(SolutionProperties) = preSolution
		HideSolutionNode = FALSE
	EndGlobalSection
	GlobalSection(NestedProjects) = preSolution
		{77213EA1-5782-45C1-879B-85AA57CDE612} = {365DAAD8-F560-426A-A9E8-67C9418F6C35}
		{2A919DC0-B6E6-4065-91EA-811A3739F02B} = {365DAAD8-F560-426A-A9E8-67C9418F6C35}
		{03ED63B7-89FC-4D7B-A6B2-822B959DA53A} = {365DAAD8-F560-426A-A9E8-67C9418F6C35}
		{590F3367-6336-43EE-B337-C7504AEDB8C7} = {CAABACC4-88A1-42DA-B5F0-07858FB1B4C2}
		{7D1B7EDC-E5FD-4174-A6FF-56B63676CB42} = {CAABACC4-88A1-42DA-B5F0-07858FB1B4C2}
		{C8D694C0-686C-486D-8B6B-3A1F675FD8B9} = {CAABACC4-88A1-42DA-B5F0-07858FB1B4C2}
		{9B9676D8-CE25-401D-9DB1-BE9E0CC0ADC3} = {77213EA1-5782-45C1-879B-85AA57CDE612}
		{C2C39E14-515F-4F0F-A623-FBE19A873B07} = {03ED63B7-89FC-4D7B-A6B2-822B959DA53A}
		{B6D7457E-33F5-48D6-B7A2-9499B582E70D} = {2A919DC0-B6E6-4065-91EA-811A3739F02B}
		{DC3B17B4-E6C4-4BD0-85CB-06ADB73FFB7C} = {590F3367-6336-43EE-B337-C7504AEDB8C7}
		{12F66EF8-7ECC-4F62-B1EB-F5B064E82362} = {C8D694C0-686C-486D-8B6B-3A1F675FD8B9}
		{151FA991-3CF7-4FC2-BCB2-843FF7704A3B} = {7D1B7EDC-E5FD-4174-A6FF-56B63676CB42}
	EndGlobalSection
	GlobalSection(ExtensibilityGlobals) = postSolution
		SolutionGuid = {A3959F64-905F-4748-91E3-0F868B5FE190}
	EndGlobalSection
EndGlobal
