
Microsoft Visual Studio Solution File, Format Version 12.00
# Visual Studio 15
VisualStudioVersion = 15.0.27004.2002
MinimumVisualStudioVersion = 10.0.40219.1
Project("{2150E333-8FDC-42A3-9474-1A3956D46DE8}") = "ScheduleManagement", "ScheduleManagement", "{365DAAD8-F560-426A-A9E8-67C9418F6C35}"
EndProject
Project("{FAE04EC0-301F-11D3-BF4B-00C04F79EFBC}") = "Controllers", "Controllers\Controllers.csproj", "{C1B7B7B6-F75E-4FC7-A076-ABBE75881F1A}"
EndProject
Project("{FAE04EC0-301F-11D3-BF4B-00C04F79EFBC}") = "Repositors", "Repositors\Repositors.csproj", "{69EE5DDA-60DC-43CD-A97B-5F7D65C0CF0B}"
EndProject
Project("{FAE04EC0-301F-11D3-BF4B-00C04F79EFBC}") = "AbstractSchedule", "AbstractSchedule\AbstractSchedule.csproj", "{9B9676D8-CE25-401D-9DB1-BE9E0CC0ADC3}"
EndProject
Project("{FAE04EC0-301F-11D3-BF4B-00C04F79EFBC}") = "PublicTransportSchedule", "PublicTransportSchedule\PublicTransportSchedule.csproj", "{B6D7457E-33F5-48D6-B7A2-9499B582E70D}"
EndProject
Project("{FAE04EC0-301F-11D3-BF4B-00C04F79EFBC}") = "Main", "Main\Main.csproj", "{C657357B-12B1-4642-82B7-79800F9F668B}"
EndProject
Project("{FAE04EC0-301F-11D3-BF4B-00C04F79EFBC}") = "Integrators", "Integrators\Integrators.csproj", "{AF7D7304-3547-4A99-9592-E28959F642B2}"
EndProject
Global
	GlobalSection(SolutionConfigurationPlatforms) = preSolution
		Debug|Any CPU = Debug|Any CPU
		Release|Any CPU = Release|Any CPU
	EndGlobalSection
	GlobalSection(ProjectConfigurationPlatforms) = postSolution
		{C1B7B7B6-F75E-4FC7-A076-ABBE75881F1A}.Debug|Any CPU.ActiveCfg = Debug|Any CPU
		{C1B7B7B6-F75E-4FC7-A076-ABBE75881F1A}.Debug|Any CPU.Build.0 = Debug|Any CPU
		{C1B7B7B6-F75E-4FC7-A076-ABBE75881F1A}.Release|Any CPU.ActiveCfg = Release|Any CPU
		{C1B7B7B6-F75E-4FC7-A076-ABBE75881F1A}.Release|Any CPU.Build.0 = Release|Any CPU
		{69EE5DDA-60DC-43CD-A97B-5F7D65C0CF0B}.Debug|Any CPU.ActiveCfg = Debug|Any CPU
		{69EE5DDA-60DC-43CD-A97B-5F7D65C0CF0B}.Debug|Any CPU.Build.0 = Debug|Any CPU
		{69EE5DDA-60DC-43CD-A97B-5F7D65C0CF0B}.Release|Any CPU.ActiveCfg = Release|Any CPU
		{69EE5DDA-60DC-43CD-A97B-5F7D65C0CF0B}.Release|Any CPU.Build.0 = Release|Any CPU
		{9B9676D8-CE25-401D-9DB1-BE9E0CC0ADC3}.Debug|Any CPU.ActiveCfg = Debug|Any CPU
		{9B9676D8-CE25-401D-9DB1-BE9E0CC0ADC3}.Debug|Any CPU.Build.0 = Debug|Any CPU
		{9B9676D8-CE25-401D-9DB1-BE9E0CC0ADC3}.Release|Any CPU.ActiveCfg = Release|Any CPU
		{9B9676D8-CE25-401D-9DB1-BE9E0CC0ADC3}.Release|Any CPU.Build.0 = Release|Any CPU
		{B6D7457E-33F5-48D6-B7A2-9499B582E70D}.Debug|Any CPU.ActiveCfg = Debug|Any CPU
		{B6D7457E-33F5-48D6-B7A2-9499B582E70D}.Debug|Any CPU.Build.0 = Debug|Any CPU
		{B6D7457E-33F5-48D6-B7A2-9499B582E70D}.Release|Any CPU.ActiveCfg = Release|Any CPU
		{B6D7457E-33F5-48D6-B7A2-9499B582E70D}.Release|Any CPU.Build.0 = Release|Any CPU
		{C657357B-12B1-4642-82B7-79800F9F668B}.Debug|Any CPU.ActiveCfg = Debug|Any CPU
		{C657357B-12B1-4642-82B7-79800F9F668B}.Debug|Any CPU.Build.0 = Debug|Any CPU
		{C657357B-12B1-4642-82B7-79800F9F668B}.Release|Any CPU.ActiveCfg = Release|Any CPU
		{C657357B-12B1-4642-82B7-79800F9F668B}.Release|Any CPU.Build.0 = Release|Any CPU
		{AF7D7304-3547-4A99-9592-E28959F642B2}.Debug|Any CPU.ActiveCfg = Debug|Any CPU
		{AF7D7304-3547-4A99-9592-E28959F642B2}.Debug|Any CPU.Build.0 = Debug|Any CPU
		{AF7D7304-3547-4A99-9592-E28959F642B2}.Release|Any CPU.ActiveCfg = Release|Any CPU
		{AF7D7304-3547-4A99-9592-E28959F642B2}.Release|Any CPU.Build.0 = Release|Any CPU
	EndGlobalSection
	GlobalSection(SolutionProperties) = preSolution
		HideSolutionNode = FALSE
	EndGlobalSection
	GlobalSection(NestedProjects) = preSolution
		{9B9676D8-CE25-401D-9DB1-BE9E0CC0ADC3} = {365DAAD8-F560-426A-A9E8-67C9418F6C35}
		{B6D7457E-33F5-48D6-B7A2-9499B582E70D} = {365DAAD8-F560-426A-A9E8-67C9418F6C35}
	EndGlobalSection
	GlobalSection(ExtensibilityGlobals) = postSolution
		SolutionGuid = {A3959F64-905F-4748-91E3-0F868B5FE190}
	EndGlobalSection
EndGlobal
